# THIS IS AN AUTOGENERATED FILE. DO NOT EDIT THIS FILE DIRECTLY.
# yarn lockfile v1


abbrev@1:
  version "1.1.0"
  resolved "https://registry.yarnpkg.com/abbrev/-/abbrev-1.1.0.tgz#d0554c2256636e2f56e7c2e5ad183f859428d81f"

ansi-regex@^2.0.0:
  version "2.1.1"
  resolved "https://registry.yarnpkg.com/ansi-regex/-/ansi-regex-2.1.1.tgz#c3b33ab5ee360d86e0e628f0468ae7ef27d654df"

ansi-styles@~1.0.0:
  version "1.0.0"
  resolved "https://registry.yarnpkg.com/ansi-styles/-/ansi-styles-1.0.0.tgz#cb102df1c56f5123eab8b67cd7b98027a0279178"

argparse@^1.0.7:
  version "1.0.9"
  resolved "https://registry.yarnpkg.com/argparse/-/argparse-1.0.9.tgz#73d83bc263f86e97f8cc4f6bae1b0e90a7d22c86"
  dependencies:
    sprintf-js "~1.0.2"

"argparse@~ 0.1.11":
  version "0.1.16"
  resolved "https://registry.yarnpkg.com/argparse/-/argparse-0.1.16.tgz#cfd01e0fbba3d6caed049fbd758d40f65196f57c"
  dependencies:
    underscore "~1.7.0"
    underscore.string "~2.4.0"

array-differ@^0.1.0:
  version "0.1.0"
  resolved "https://registry.yarnpkg.com/array-differ/-/array-differ-0.1.0.tgz#12e2c9b706bed47c8b483b57e487473fb0861f3a"

array-flatten@0.0.2, "array-flatten@>= 0.0.2":
  version "0.0.2"
  resolved "https://registry.yarnpkg.com/array-flatten/-/array-flatten-0.0.2.tgz#51b2f144f36fd656f627740a1fd0ad57979ad6c2"

array-slice@^0.2.2:
  version "0.2.3"
  resolved "https://registry.yarnpkg.com/array-slice/-/array-slice-0.2.3.tgz#dd3cfb80ed7973a75117cdac69b0b99ec86186f5"

array-union@^0.1.0:
  version "0.1.0"
  resolved "https://registry.yarnpkg.com/array-union/-/array-union-0.1.0.tgz#ede98088330665e699e1ebf0227cbc6034e627db"
  dependencies:
    array-uniq "^0.1.0"

array-uniq@^0.1.0:
  version "0.1.1"
  resolved "https://registry.yarnpkg.com/array-uniq/-/array-uniq-0.1.1.tgz#5861f3ed4e4bb6175597a4e078e8aa78ebe958c7"

arrayify-compact@^0.1.0:
  version "0.1.0"
  resolved "https://registry.yarnpkg.com/arrayify-compact/-/arrayify-compact-0.1.0.tgz#b86df4dadcfc236a4a404f0247940b7f73b3613e"
  dependencies:
    array-flatten ">= 0.0.2"

async@^0.9.0:
  version "0.9.2"
  resolved "https://registry.yarnpkg.com/async/-/async-0.9.2.tgz#aea74d5e61c1f899613bf64bda66d4c78f2fd17d"

async@~0.6.2:
  version "0.6.2"
  resolved "https://registry.yarnpkg.com/async/-/async-0.6.2.tgz#41fd038a3812c0a8bc1842ecf08ba63eb0392bef"

balanced-match@^0.4.1:
  version "0.4.2"
  resolved "https://registry.yarnpkg.com/balanced-match/-/balanced-match-0.4.2.tgz#cb3f3e3c732dc0f01ee70b403f302e61d7709838"

brace-expansion@^1.0.0:
  version "1.1.7"
  resolved "https://registry.yarnpkg.com/brace-expansion/-/brace-expansion-1.1.7.tgz#3effc3c50e000531fb720eaff80f0ae8ef23cf59"
  dependencies:
    balanced-match "^0.4.1"
    concat-map "0.0.1"

buffer-shims@^1.0.0:
  version "1.0.0"
  resolved "https://registry.yarnpkg.com/buffer-shims/-/buffer-shims-1.0.0.tgz#9978ce317388c649ad8793028c3477ef044a8b51"

camel-case@^1.1.1:
  version "1.2.2"
  resolved "https://registry.yarnpkg.com/camel-case/-/camel-case-1.2.2.tgz#1aca7c4d195359a2ce9955793433c6e5542511f2"
  dependencies:
    sentence-case "^1.1.1"
    upper-case "^1.1.1"

chalk@~0.4.0:
  version "0.4.0"
  resolved "https://registry.yarnpkg.com/chalk/-/chalk-0.4.0.tgz#5199a3ddcd0c1efe23bc08c1b027b06176e0c64f"
  dependencies:
    ansi-styles "~1.0.0"
    has-color "~0.1.0"
    strip-ansi "~0.1.0"

change-case@^2.1.1:
  version "2.3.1"
  resolved "https://registry.yarnpkg.com/change-case/-/change-case-2.3.1.tgz#2c4fde3f063bb41d00cd68e0d5a09db61cbe894f"
  dependencies:
    camel-case "^1.1.1"
    constant-case "^1.1.0"
    dot-case "^1.1.0"
    is-lower-case "^1.1.0"
    is-upper-case "^1.1.0"
    lower-case "^1.1.1"
    lower-case-first "^1.0.0"
    param-case "^1.1.0"
    pascal-case "^1.1.0"
    path-case "^1.1.0"
    sentence-case "^1.1.1"
    snake-case "^1.1.0"
    swap-case "^1.1.0"
    title-case "^1.1.0"
    upper-case "^1.1.1"
    upper-case-first "^1.1.0"

chrome-remote-interface@^0.18.0:
  version "0.18.0"
  resolved "https://registry.yarnpkg.com/chrome-remote-interface/-/chrome-remote-interface-0.18.0.tgz#5460de394efcb129ec309f05668a9958df0997c3"
  dependencies:
    commander "2.1.x"
    ws "2.0.x"

class-extend@^0.1.1:
  version "0.1.2"
  resolved "https://registry.yarnpkg.com/class-extend/-/class-extend-0.1.2.tgz#8057a82b00f53f82a5d62c50ef8cffdec6fabc34"
  dependencies:
    object-assign "^2.0.0"

clone@^1.0.2:
  version "1.0.2"
  resolved "https://registry.yarnpkg.com/clone/-/clone-1.0.2.tgz#260b7a99ebb1edfe247538175f783243cb19d149"

co-from-stream@0.0.0:
  version "0.0.0"
  resolved "https://registry.yarnpkg.com/co-from-stream/-/co-from-stream-0.0.0.tgz#1a5cd8ced77263946094fa39f2499a63297bcaf9"
  dependencies:
    co-read "0.0.1"

co-fs@1.2.0:
  version "1.2.0"
  resolved "https://registry.yarnpkg.com/co-fs/-/co-fs-1.2.0.tgz#a6df045ce58c04eed45586ff4385032813aba64e"
  dependencies:
    co-from-stream "0.0.0"
    thunkify "0.0.1"

co-read@0.0.1:
  version "0.0.1"
  resolved "https://registry.yarnpkg.com/co-read/-/co-read-0.0.1.tgz#f81b3eb8a86675fec51e3d883a7f564e873c9389"

co@4.6.0:
  version "4.6.0"
  resolved "https://registry.yarnpkg.com/co/-/co-4.6.0.tgz#6ea6bdf3d853ae54ccb8e47bfa0bf3f9031fb184"

coffee-script@^1.8.0:
  version "1.12.4"
  resolved "https://registry.yarnpkg.com/coffee-script/-/coffee-script-1.12.4.tgz#fe1bced97fe1fb3927b998f2b45616e0658be1ff"

columnify@^1.1.0:
  version "1.5.4"
  resolved "https://registry.yarnpkg.com/columnify/-/columnify-1.5.4.tgz#4737ddf1c7b69a8a7c340570782e947eec8e78bb"
  dependencies:
    strip-ansi "^3.0.0"
    wcwidth "^1.0.0"

commander@2.1.x:
  version "2.1.0"
  resolved "https://registry.yarnpkg.com/commander/-/commander-2.1.0.tgz#d121bbae860d9992a3d517ba96f56588e47c6781"

concat-map@0.0.1:
  version "0.0.1"
  resolved "https://registry.yarnpkg.com/concat-map/-/concat-map-0.0.1.tgz#d8a96bd77fd68df7793a73036a3ba0d5405d477b"

constant-case@^1.1.0:
  version "1.1.2"
  resolved "https://registry.yarnpkg.com/constant-case/-/constant-case-1.1.2.tgz#8ec2ca5ba343e00aa38dbf4e200fd5ac907efd63"
  dependencies:
    snake-case "^1.1.0"
    upper-case "^1.1.1"

core-util-is@~1.0.0:
  version "1.0.2"
  resolved "https://registry.yarnpkg.com/core-util-is/-/core-util-is-1.0.2.tgz#b5fd54220aa2bc5ab57aab7140c940754503c1a7"

cwd@^0.3.3, cwd@~0.3.3:
  version "0.3.7"
  resolved "https://registry.yarnpkg.com/cwd/-/cwd-0.3.7.tgz#fa6abc188960770f6b136fb198406c8e291fb281"
  dependencies:
    findup-sync "~0.1.3"
    normalize-path "^0.1.1"

defaults@^1.0.3:
  version "1.0.3"
  resolved "https://registry.yarnpkg.com/defaults/-/defaults-1.0.3.tgz#c656051e9817d9ff08ed881477f3fe4019f3ef7d"
  dependencies:
    clone "^1.0.2"

delete@^0.1.5:
  version "0.1.5"
  resolved "https://registry.yarnpkg.com/delete/-/delete-0.1.5.tgz#3ee65797f5bead71c82c8526562d6643759da9c3"
  dependencies:
    is-path-cwd "^0.1.0"
    is-path-in-cwd "^0.1.1"
    rimraf "^2.2.8"

delims@^0.1.4, delims@~0.1.4:
  version "0.1.4"
  resolved "https://registry.yarnpkg.com/delims/-/delims-0.1.4.tgz#21fe846f16a4056af871a64861a1e160f1a041f7"
  dependencies:
    lodash "~2.4.1"

delims@^0.4.0:
  version "0.4.2"
  resolved "https://registry.yarnpkg.com/delims/-/delims-0.4.2.tgz#ce7f36c9cf709a9e244f83997aa91cb749b452a8"
  dependencies:
    arrayify-compact "^0.1.0"
    mixin-deep "^0.1.0"
    object-pick "^0.1.1"

dot-case@^1.1.0:
  version "1.1.2"
  resolved "https://registry.yarnpkg.com/dot-case/-/dot-case-1.1.2.tgz#1e73826900de28d6de5480bc1de31d0842b06bec"
  dependencies:
    sentence-case "^1.1.2"

esprima@^2.6.0:
  version "2.7.3"
  resolved "https://registry.yarnpkg.com/esprima/-/esprima-2.7.3.tgz#96e3b70d5779f6ad49cd032673d1c312767ba581"

esprima@^3.1.1:
  version "3.1.3"
  resolved "https://registry.yarnpkg.com/esprima/-/esprima-3.1.3.tgz#fdca51cee6133895e3c88d535ce49dbff62a4633"

"esprima@~ 1.0.2":
  version "1.0.4"
  resolved "https://registry.yarnpkg.com/esprima/-/esprima-1.0.4.tgz#9f557e08fc3b4d26ece9dd34f8fbf476b62585ad"

eventemitter2@^0.4.13:
  version "0.4.14"
  resolved "https://registry.yarnpkg.com/eventemitter2/-/eventemitter2-0.4.14.tgz#8f61b75cde012b2e9eb284d4545583b5643b61ab"

exit@~0.1.2:
  version "0.1.2"
  resolved "https://registry.yarnpkg.com/exit/-/exit-0.1.2.tgz#0632638f8d877cc82107d30a0fff1a17cba1cd0c"

expand-hash@~0.2.0:
  version "0.2.2"
  resolved "https://registry.yarnpkg.com/expand-hash/-/expand-hash-0.2.2.tgz#328155ad1a8042eb37498708434e58f21d0d4860"
  dependencies:
    lodash "~2.4.1"

expander@^0.3.3, expander@~0.3.3:
  version "0.3.3"
  resolved "https://registry.yarnpkg.com/expander/-/expander-0.3.3.tgz#a2c7b9ce047db2097e2b7cd4315c1e701027fb11"
  dependencies:
    getobject "0.1.0"
    lodash "~2.2.1"

extend-shallow@^0.1.0:
  version "0.1.1"
  resolved "https://registry.yarnpkg.com/extend-shallow/-/extend-shallow-0.1.1.tgz#913c08db4887d3297dc762df8b5815757f56ddf3"
  dependencies:
    array-slice "^0.2.2"

find@^0.1.5:
  version "0.1.7"
  resolved "https://registry.yarnpkg.com/find/-/find-0.1.7.tgz#c86c87af1ab18f222bbe38dec86cbc760d16a6fb"
  dependencies:
    traverse-chain "~0.1.0"

findup-sync@~0.1.2, findup-sync@~0.1.3:
  version "0.1.3"
  resolved "https://registry.yarnpkg.com/findup-sync/-/findup-sync-0.1.3.tgz#7f3e7a97b82392c653bf06589bd85190e93c3683"
  dependencies:
    glob "~3.2.9"
    lodash "~2.4.1"

for-in@^1.0.1:
  version "1.0.2"
  resolved "https://registry.yarnpkg.com/for-in/-/for-in-1.0.2.tgz#81068d295a8142ec0ac726c6e2200c30fb6d5e80"

for-own@^0.1.1:
  version "0.1.5"
  resolved "https://registry.yarnpkg.com/for-own/-/for-own-0.1.5.tgz#5265c681a4f294dabbf17c9509b6763aa84510ce"
  dependencies:
    for-in "^1.0.1"

frep@^0.2.1, frep@~0.2.0:
  version "0.2.3"
  resolved "https://registry.yarnpkg.com/frep/-/frep-0.2.3.tgz#b7580fa65ea62a1cf8ea1ef7741dee92a8458f7c"
  dependencies:
    replacements "^0.1.1"

fs-utils@^0.4.3, fs-utils@~0.4.0, fs-utils@~0.4.1:
  version "0.4.3"
  resolved "https://registry.yarnpkg.com/fs-utils/-/fs-utils-0.4.3.tgz#641766fe5415d116441dec647698c13d6cf9cf77"
  dependencies:
    async "~0.6.2"
    globule "~0.2.0"
    graceful-fs "~2.0.3"
    js-yaml "~3.0.2"
    lodash "~2.4.1"
    mkdirp "~0.3.5"
    rimraf "~2.2.6"

fs-utils@^0.5.0:
  version "0.5.0"
  resolved "https://registry.yarnpkg.com/fs-utils/-/fs-utils-0.5.0.tgz#171bb985501ec9bcb662bf62c9916c9aadeace24"
  dependencies:
    async "^0.9.0"
    delete "^0.1.5"
    extend-shallow "^0.1.0"
    globby "^0.1.1"
    graceful-fs "^3.0.2"
    is-absolute "^0.1.5"
    js-yaml "^3.2.2"
    kind-of "^0.1.0"
    relative "^0.1.6"

fs.realpath@^1.0.0:
  version "1.0.0"
  resolved "https://registry.yarnpkg.com/fs.realpath/-/fs.realpath-1.0.0.tgz#1504ad2523158caa40db4a2787cb01411994ea4f"

getobject@0.1.0, getobject@^0.1.0:
  version "0.1.0"
  resolved "https://registry.yarnpkg.com/getobject/-/getobject-0.1.0.tgz#047a449789fa160d018f5486ed91320b6ec7885c"

glob@^4.0.2:
  version "4.5.3"
  resolved "https://registry.yarnpkg.com/glob/-/glob-4.5.3.tgz#c6cb73d3226c1efef04de3c56d012f03377ee15f"
  dependencies:
    inflight "^1.0.4"
    inherits "2"
    minimatch "^2.0.1"
    once "^1.3.0"

glob@^7.0.3:
  version "7.1.1"
  resolved "https://registry.yarnpkg.com/glob/-/glob-7.1.1.tgz#805211df04faaf1c63a3600306cdf5ade50b2ec8"
  dependencies:
    fs.realpath "^1.0.0"
    inflight "^1.0.4"
    inherits "2"
    minimatch "^3.0.2"
    once "^1.3.0"
    path-is-absolute "^1.0.0"

glob@~3.2.7, glob@~3.2.9:
  version "3.2.11"
  resolved "https://registry.yarnpkg.com/glob/-/glob-3.2.11.tgz#4a973f635b9190f715d10987d5c00fd2815ebe3d"
  dependencies:
    inherits "2"
    minimatch "0.3"

globby@^0.1.1:
  version "0.1.1"
  resolved "https://registry.yarnpkg.com/globby/-/globby-0.1.1.tgz#cbec63df724b4bea458b79a16cc0e3b1f2ca8620"
  dependencies:
    array-differ "^0.1.0"
    array-union "^0.1.0"
    async "^0.9.0"
    glob "^4.0.2"

globule@~0.2.0:
  version "0.2.0"
  resolved "https://registry.yarnpkg.com/globule/-/globule-0.2.0.tgz#26b64d10e1edcab6098d8fe00bd2b73cca08a8fb"
  dependencies:
    glob "~3.2.7"
    lodash "~2.4.1"
    minimatch "~0.2.11"

graceful-fs@^3.0.2:
  version "3.0.11"
  resolved "https://registry.yarnpkg.com/graceful-fs/-/graceful-fs-3.0.11.tgz#7613c778a1afea62f25c630a086d7f3acbbdd818"
  dependencies:
    natives "^1.1.0"

graceful-fs@~2.0.3:
  version "2.0.3"
  resolved "https://registry.yarnpkg.com/graceful-fs/-/graceful-fs-2.0.3.tgz#7cd2cdb228a4a3f36e95efa6cc142de7d1a136d0"

gray-matter@^0.4.2:
  version "0.4.2"
  resolved "https://registry.yarnpkg.com/gray-matter/-/gray-matter-0.4.2.tgz#23f190ac9865c9c0adb04d319cc230fab759d708"
  dependencies:
    delims "^0.1.4"
    fs-utils "^0.4.3"
    js-yaml "^3.0.2"
    lodash "^2.4.1"
    verbalize "^0.1.2"

gray-matter@^0.5.1:
  version "0.5.3"
  resolved "https://registry.yarnpkg.com/gray-matter/-/gray-matter-0.5.3.tgz#7655233bbf6ff667164e4f657a2e64dea0d9ad3b"
  dependencies:
    coffee-script "^1.8.0"
    delims "^0.4.0"
    js-yaml "^3.2.2"
    lodash "^2.4.1"
    mixin-deep "^0.1.0"
    toml "^2.0.6"
    verbalize "^0.1.2"

has-color@~0.1.0:
  version "0.1.7"
  resolved "https://registry.yarnpkg.com/has-color/-/has-color-0.1.7.tgz#67144a5260c34fc3cca677d041daf52fe7b78b2f"

highlight.js@~8.0.0:
  version "8.0.0"
  resolved "https://registry.yarnpkg.com/highlight.js/-/highlight.js-8.0.0.tgz#b81db5be8e6f5c5029c40b66b473170cd3e0875a"

immutable@^3.8.1:
  version "3.8.1"
  resolved "https://registry.yarnpkg.com/immutable/-/immutable-3.8.1.tgz#200807f11ab0f72710ea485542de088075f68cd2"

inflight@^1.0.4:
  version "1.0.6"
  resolved "https://registry.yarnpkg.com/inflight/-/inflight-1.0.6.tgz#49bd6331d7d02d0c09bc910a1075ba8165b56df9"
  dependencies:
    once "^1.3.0"
    wrappy "1"

inherits@2, inherits@~2.0.1:
  version "2.0.3"
  resolved "https://registry.yarnpkg.com/inherits/-/inherits-2.0.3.tgz#633c2c83e3da42a502f52466022480f4208261de"

ini@~1.1.0:
  version "1.1.0"
  resolved "https://registry.yarnpkg.com/ini/-/ini-1.1.0.tgz#4e808c2ce144c6c1788918e034d6797bc6cf6281"

is-absolute@^0.1.5:
  version "0.1.7"
  resolved "https://registry.yarnpkg.com/is-absolute/-/is-absolute-0.1.7.tgz#847491119fccb5fb436217cc737f7faad50f603f"
  dependencies:
    is-relative "^0.1.0"

is-lower-case@^1.1.0:
  version "1.1.3"
  resolved "https://registry.yarnpkg.com/is-lower-case/-/is-lower-case-1.1.3.tgz#7e147be4768dc466db3bfb21cc60b31e6ad69393"
  dependencies:
    lower-case "^1.1.0"

is-path-cwd@^0.1.0:
  version "0.1.0"
  resolved "https://registry.yarnpkg.com/is-path-cwd/-/is-path-cwd-0.1.0.tgz#df3c09a7cab10bd40b9d1cdfae485bd882d4b1ab"

is-path-in-cwd@^0.1.1:
  version "0.1.1"
  resolved "https://registry.yarnpkg.com/is-path-in-cwd/-/is-path-in-cwd-0.1.1.tgz#aa91ec89e13d63e3efc6847cac4cf29c99f92465"
  dependencies:
    is-path-inside "^0.1.0"

is-path-inside@^0.1.0:
  version "0.1.0"
  resolved "https://registry.yarnpkg.com/is-path-inside/-/is-path-inside-0.1.0.tgz#80a5625e69ec88acd0ebe7bc06ecb89a1438de94"
  dependencies:
    path-is-inside "^1.0.1"

is-plain-object@^0.1.0:
  version "0.1.0"
  resolved "https://registry.yarnpkg.com/is-plain-object/-/is-plain-object-0.1.0.tgz#3ca7db022de72fd12007f1957beb59ea596b979c"

is-relative@^0.1.0:
  version "0.1.3"
  resolved "https://registry.yarnpkg.com/is-relative/-/is-relative-0.1.3.tgz#905fee8ae86f45b3ec614bc3c15c869df0876e82"

is-upper-case@^1.1.0:
  version "1.1.2"
  resolved "https://registry.yarnpkg.com/is-upper-case/-/is-upper-case-1.1.2.tgz#8d0b1fa7e7933a1e58483600ec7d9661cbaf756f"
  dependencies:
    upper-case "^1.1.0"

isarray@~1.0.0:
  version "1.0.0"
  resolved "https://registry.yarnpkg.com/isarray/-/isarray-1.0.0.tgz#bb935d48582cba168c06834957a54a3e07124f11"

js-yaml@3.6.1:
  version "3.6.1"
  resolved "https://registry.yarnpkg.com/js-yaml/-/js-yaml-3.6.1.tgz#6e5fe67d8b205ce4d22fad05b7781e8dadcc4b30"
  dependencies:
    argparse "^1.0.7"
    esprima "^2.6.0"

js-yaml@^3.0.2, js-yaml@~3.0.2:
  version "3.0.2"
  resolved "https://registry.yarnpkg.com/js-yaml/-/js-yaml-3.0.2.tgz#9937865f8e897a5e894e73c2c5cf2e89b32eb771"
  dependencies:
    argparse "~ 0.1.11"
    esprima "~ 1.0.2"

js-yaml@^3.2.2:
  version "3.8.3"
  resolved "https://registry.yarnpkg.com/js-yaml/-/js-yaml-3.8.3.tgz#33a05ec481c850c8875929166fe1beb61c728766"
  dependencies:
    argparse "^1.0.7"
    esprima "^3.1.1"

jslint@^0.10.3:
  version "0.10.3"
  resolved "https://registry.yarnpkg.com/jslint/-/jslint-0.10.3.tgz#890da3e79932edf06c5f4b52a7b5ba6436867436"
  dependencies:
    exit "~0.1.2"
    glob "^7.0.3"
    nopt "~3.0.1"
    readable-stream "~2.1.2"

kind-of@^0.1.0:
  version "0.1.2"
  resolved "https://registry.yarnpkg.com/kind-of/-/kind-of-0.1.2.tgz#07bd601cc9433f5d79bd5edd2031ed155f0604a4"

load-pkg@^0.1.0:
  version "0.1.0"
  resolved "https://registry.yarnpkg.com/load-pkg/-/load-pkg-0.1.0.tgz#5910061fc132e4fdfb17b92ab3708543075e9c7b"
  dependencies:
    cwd "~0.3.3"

lodash@^2.4.1, lodash@~2.4.1:
  version "2.4.2"
  resolved "https://registry.yarnpkg.com/lodash/-/lodash-2.4.2.tgz#fadd834b9683073da179b3eae6d9c0d15053f73e"

lodash@~2.2.1:
  version "2.2.1"
  resolved "https://registry.yarnpkg.com/lodash/-/lodash-2.2.1.tgz#ca935fd14ab3c0c872abacf198b9cda501440867"

lower-case-first@^1.0.0:
  version "1.0.2"
  resolved "https://registry.yarnpkg.com/lower-case-first/-/lower-case-first-1.0.2.tgz#e5da7c26f29a7073be02d52bac9980e5922adfa1"
  dependencies:
    lower-case "^1.1.2"

lower-case@^1.1.0, lower-case@^1.1.1, lower-case@^1.1.2:
  version "1.1.4"
  resolved "https://registry.yarnpkg.com/lower-case/-/lower-case-1.1.4.tgz#9a2cabd1b9e8e0ae993a4bf7d5875c39c42e8eac"

lru-cache@2:
  version "2.7.3"
  resolved "https://registry.yarnpkg.com/lru-cache/-/lru-cache-2.7.3.tgz#6d4524e8b955f95d4f5b58851ce21dd72fb4e952"

marked-extras@^0.2.4:
  version "0.2.4"
  resolved "https://registry.yarnpkg.com/marked-extras/-/marked-extras-0.2.4.tgz#6eb011db02b5d855445010c86e8d8cdb14b71ce8"
  dependencies:
    highlight.js "~8.0.0"
    lodash "~2.4.1"
    marked "0.3.0"
    underscore.string "~2.3.3"

marked-toc@^0.2.5:
  version "0.2.8"
  resolved "https://registry.yarnpkg.com/marked-toc/-/marked-toc-0.2.8.tgz#6a663a687e54e47e03ab2d057db2d6922ede1ef4"
  dependencies:
    fs-utils "^0.5.0"
    gray-matter "^0.5.1"
    lodash "~2.4.1"
    marked "0.3.0"
    template "~0.1.6"
    uslug "~1.0.3"

marked@0.3.0:
  version "0.3.0"
  resolved "https://registry.yarnpkg.com/marked/-/marked-0.3.0.tgz#5f93791a553b2d073c117edbc53747865cf14168"

minimatch@0.3, minimatch@^0.3.0:
  version "0.3.0"
  resolved "https://registry.yarnpkg.com/minimatch/-/minimatch-0.3.0.tgz#275d8edaac4f1bb3326472089e7949c8394699dd"
  dependencies:
    lru-cache "2"
    sigmund "~1.0.0"

minimatch@^2.0.1:
  version "2.0.10"
  resolved "https://registry.yarnpkg.com/minimatch/-/minimatch-2.0.10.tgz#8d087c39c6b38c001b97fca7ce6d0e1e80afbac7"
  dependencies:
    brace-expansion "^1.0.0"

minimatch@^3.0.2:
  version "3.0.3"
  resolved "https://registry.yarnpkg.com/minimatch/-/minimatch-3.0.3.tgz#2a4e4090b96b2db06a9d7df01055a62a77c9b774"
  dependencies:
    brace-expansion "^1.0.0"

minimatch@~0.2.11:
  version "0.2.14"
  resolved "https://registry.yarnpkg.com/minimatch/-/minimatch-0.2.14.tgz#c74e780574f63c6f9a090e90efbe6ef53a6a756a"
  dependencies:
    lru-cache "2"
    sigmund "~1.0.0"

minimist@~0.0.8:
  version "0.0.10"
  resolved "https://registry.yarnpkg.com/minimist/-/minimist-0.0.10.tgz#de3f98543dbf96082be48ad1a0c7cda836301dcf"

mixin-deep@^0.1.0:
  version "0.1.0"
  resolved "https://registry.yarnpkg.com/mixin-deep/-/mixin-deep-0.1.0.tgz#2cc75d77097f309e9d46ed931e5d4c038485f9a8"
  dependencies:
    for-own "^0.1.1"
    is-plain-object "^0.1.0"

mkdirp@~0.3.5:
  version "0.3.5"
  resolved "https://registry.yarnpkg.com/mkdirp/-/mkdirp-0.3.5.tgz#de3e5f8961c88c787ee1368df849ac4413eca8d7"

moment@^2.6.0:
  version "2.18.1"
  resolved "https://registry.yarnpkg.com/moment/-/moment-2.18.1.tgz#c36193dd3ce1c2eed2adb7c802dbbc77a81b1c0f"

multimatch@^0.3.0:
  version "0.3.0"
  resolved "https://registry.yarnpkg.com/multimatch/-/multimatch-0.3.0.tgz#603dbc3fe3281d338094a1e1b93a8b5f2be038da"
  dependencies:
    array-differ "^0.1.0"
    array-union "^0.1.0"
    minimatch "^0.3.0"

namify@^0.1.3:
  version "0.1.3"
  resolved "https://registry.yarnpkg.com/namify/-/namify-0.1.3.tgz#fa8bb14d5893443a83a697ead0c46864ff41bdfa"
  dependencies:
    reserved "^0.1.0"

natives@^1.1.0:
  version "1.1.0"
  resolved "https://registry.yarnpkg.com/natives/-/natives-1.1.0.tgz#e9ff841418a6b2ec7a495e939984f78f163e6e31"

node-yaml@^3.0.3:
  version "3.0.3"
  resolved "https://registry.yarnpkg.com/node-yaml/-/node-yaml-3.0.3.tgz#be539ebe9d4dbb3fbb8697cdcd87303ad7fd693d"
  dependencies:
    co "4.6.0"
    co-fs "1.2.0"
    js-yaml "3.6.1"

nopt@~3.0.1:
  version "3.0.6"
  resolved "https://registry.yarnpkg.com/nopt/-/nopt-3.0.6.tgz#c6465dbf08abcd4db359317f79ac68a646b28ff9"
  dependencies:
    abbrev "1"

normalize-path@^0.1.1:
  version "0.1.1"
  resolved "https://registry.yarnpkg.com/normalize-path/-/normalize-path-0.1.1.tgz#6c701248fdb9896d1fee1aa6620da77feed4d367"

object-assign@^2.0.0:
  version "2.1.1"
  resolved "https://registry.yarnpkg.com/object-assign/-/object-assign-2.1.1.tgz#43c36e5d569ff8e4816c4efa8be02d26967c18aa"

object-pick@^0.1.1:
  version "0.1.2"
  resolved "https://registry.yarnpkg.com/object-pick/-/object-pick-0.1.2.tgz#b53be7075f8b4ffbf2f8bc280d753fee1afe5801"

once@^1.3.0:
  version "1.4.0"
  resolved "https://registry.yarnpkg.com/once/-/once-1.4.0.tgz#583b1aa775961d4b113ac17d9c50baef9dd76bd1"
  dependencies:
    wrappy "1"

param-case@^1.1.0:
  version "1.1.2"
  resolved "https://registry.yarnpkg.com/param-case/-/param-case-1.1.2.tgz#dcb091a43c259b9228f1c341e7b6a44ea0bf9743"
  dependencies:
    sentence-case "^1.1.2"

parse-authors@^0.1.1:
  version "0.1.1"
  resolved "https://registry.yarnpkg.com/parse-authors/-/parse-authors-0.1.1.tgz#b02ec58ff30602e3f0f28096ed1267299e53875f"

pascal-case@^1.1.0:
  version "1.1.2"
  resolved "https://registry.yarnpkg.com/pascal-case/-/pascal-case-1.1.2.tgz#3e5d64a20043830a7c49344c2d74b41be0c9c99b"
  dependencies:
    camel-case "^1.1.1"
    upper-case-first "^1.1.0"

path-case@^1.1.0:
  version "1.1.2"
  resolved "https://registry.yarnpkg.com/path-case/-/path-case-1.1.2.tgz#50ce6ba0d3bed3dd0b5c2a9c4553697434409514"
  dependencies:
    sentence-case "^1.1.2"

path-is-absolute@^1.0.0:
  version "1.0.1"
  resolved "https://registry.yarnpkg.com/path-is-absolute/-/path-is-absolute-1.0.1.tgz#174b9268735534ffbc7ace6bf53a5a9e1b5c5f5f"

path-is-inside@^1.0.1:
  version "1.0.2"
  resolved "https://registry.yarnpkg.com/path-is-inside/-/path-is-inside-1.0.2.tgz#365417dede44430d1c11af61027facf074bdfc53"

plasma@^0.2.7:
  version "0.2.7"
  resolved "https://registry.yarnpkg.com/plasma/-/plasma-0.2.7.tgz#e3d5bb887836e4ea7d3bd3b2b2bc360da74b9ee1"
  dependencies:
    expand-hash "~0.2.0"
    expander "~0.3.3"
    frep "~0.2.0"
    fs-utils "~0.4.0"
    lodash "~2.4.1"
    verbalize "~0.1.2"

process-nextick-args@~1.0.6:
  version "1.0.7"
  resolved "https://registry.yarnpkg.com/process-nextick-args/-/process-nextick-args-1.0.7.tgz#150e20b756590ad3f91093f25a4f2ad8bff30ba3"

readable-stream@~2.1.2:
  version "2.1.5"
  resolved "https://registry.yarnpkg.com/readable-stream/-/readable-stream-2.1.5.tgz#66fa8b720e1438b364681f2ad1a63c618448c9d0"
  dependencies:
    buffer-shims "^1.0.0"
    core-util-is "~1.0.0"
    inherits "~2.0.1"
    isarray "~1.0.0"
    process-nextick-args "~1.0.6"
    string_decoder "~0.10.x"
    util-deprecate "~1.0.1"

regexp-special-chars@^0.1.0:
  version "0.1.0"
  resolved "https://registry.yarnpkg.com/regexp-special-chars/-/regexp-special-chars-0.1.0.tgz#e0b88bd5eddaeef63395a723bb8a9348010cbd6d"

relative@^0.1.4, relative@^0.1.6:
  version "0.1.6"
  resolved "https://registry.yarnpkg.com/relative/-/relative-0.1.6.tgz#adc35dee5b8d3af5242bb2e6889cbcfe7a99886c"
  dependencies:
    normalize-path "^0.1.1"

remarked@^0.1.4:
  version "0.1.4"
  resolved "https://registry.yarnpkg.com/remarked/-/remarked-0.1.4.tgz#e93603aee488f1538ca253c55719e770671e455f"
  dependencies:
    regexp-special-chars "^0.1.0"
    template "^0.2.1"

remote-origin-url@^0.2.1:
  version "0.2.1"
  resolved "https://registry.yarnpkg.com/remote-origin-url/-/remote-origin-url-0.2.1.tgz#bf72cd3838cc92d9d162672622cc678369a9bba0"
  dependencies:
    chalk "~0.4.0"
    findup-sync "~0.1.2"
    ini "~1.1.0"

repeat-string@^0.1.2:
  version "0.1.2"
  resolved "https://registry.yarnpkg.com/repeat-string/-/repeat-string-0.1.2.tgz#d3a99f01f2c169a9b38ec573c97afcf508d91228"

replacements@^0.1.1:
  version "0.1.3"
  resolved "https://registry.yarnpkg.com/replacements/-/replacements-0.1.3.tgz#a4151b04105857dc58982300b5f1b9f5ebe0c91d"

repo-licenses@^0.1.0:
  version "0.1.0"
  resolved "https://registry.yarnpkg.com/repo-licenses/-/repo-licenses-0.1.0.tgz#0ddef8865b963e58cc50f9b051d2124b19e84520"
  dependencies:
    globule "~0.2.0"

repo-templates@^0.1.4:
  version "0.1.5"
  resolved "https://registry.yarnpkg.com/repo-templates/-/repo-templates-0.1.5.tgz#c0b6486915f332d9df130182f278cfd03cf15c51"
  dependencies:
    verb "^0.2.15"

reserved@^0.1.0:
  version "0.1.2"
  resolved "https://registry.yarnpkg.com/reserved/-/reserved-0.1.2.tgz#707b1246a3269f755da7cfcf9af6f4983bef105c"

resolve-dep@^0.4.1:
  version "0.4.1"
  resolved "https://registry.yarnpkg.com/resolve-dep/-/resolve-dep-0.4.1.tgz#9af7a87ad38db4cb19206ce61ab2a5bc40ce482c"
  dependencies:
    array-flatten "0.0.2"
    cwd "^0.3.3"
    globby "^0.1.1"
    load-pkg "^0.1.0"
    multimatch "^0.3.0"
    normalize-path "^0.1.1"
    resolve "^0.6.3"
    xtend "^3.0.0"

resolve@^0.6.3:
  version "0.6.3"
  resolved "https://registry.yarnpkg.com/resolve/-/resolve-0.6.3.tgz#dd957982e7e736debdf53b58a4dd91754575dd46"

rimraf@^2.2.8, rimraf@~2.2.6:
  version "2.2.8"
  resolved "https://registry.yarnpkg.com/rimraf/-/rimraf-2.2.8.tgz#e439be2aaee327321952730f99a8929e4fc50582"

scrawl@0.0.5:
  version "0.0.5"
  resolved "https://registry.yarnpkg.com/scrawl/-/scrawl-0.0.5.tgz#123b4bf799e1459f23d2281906a3ddbcc1f98da5"

sentence-case@^1.1.1, sentence-case@^1.1.2:
  version "1.1.3"
  resolved "https://registry.yarnpkg.com/sentence-case/-/sentence-case-1.1.3.tgz#8034aafc2145772d3abe1509aa42c9e1042dc139"
  dependencies:
    lower-case "^1.1.1"

sigmund@~1.0.0:
  version "1.0.1"
  resolved "https://registry.yarnpkg.com/sigmund/-/sigmund-1.0.1.tgz#3ff21f198cad2175f9f3b781853fd94d0d19b590"

snake-case@^1.1.0:
  version "1.1.2"
  resolved "https://registry.yarnpkg.com/snake-case/-/snake-case-1.1.2.tgz#0c2f25e305158d9a18d3d977066187fef8a5a66a"
  dependencies:
    sentence-case "^1.1.2"

sprintf-js@~1.0.2:
  version "1.0.3"
  resolved "https://registry.yarnpkg.com/sprintf-js/-/sprintf-js-1.0.3.tgz#04e6926f662895354f3dd015203633b857297e2c"

string_decoder@~0.10.x:
  version "0.10.31"
  resolved "https://registry.yarnpkg.com/string_decoder/-/string_decoder-0.10.31.tgz#62e203bc41766c6c28c9fc84301dab1c5310fa94"

strip-ansi@^3.0.0:
  version "3.0.1"
  resolved "https://registry.yarnpkg.com/strip-ansi/-/strip-ansi-3.0.1.tgz#6a385fb8853d952d5ff05d0e8aaf94278dc63dcf"
  dependencies:
    ansi-regex "^2.0.0"

strip-ansi@~0.1.0:
  version "0.1.1"
  resolved "https://registry.yarnpkg.com/strip-ansi/-/strip-ansi-0.1.1.tgz#39e8a98d044d150660abe4a6808acf70bb7bc991"

strip-banner@^0.1.1:
  version "0.1.1"
  resolved "https://registry.yarnpkg.com/strip-banner/-/strip-banner-0.1.1.tgz#e4e3121936d705d3e66880337b2f9cecfc83eac6"
  dependencies:
    strip-comments "~0.1.3"

strip-comments@~0.1.3:
  version "0.1.6"
  resolved "https://registry.yarnpkg.com/strip-comments/-/strip-comments-0.1.6.tgz#267b06957e606f35875405cbfb03cae692ab1e16"

swap-case@^1.1.0:
  version "1.1.2"
  resolved "https://registry.yarnpkg.com/swap-case/-/swap-case-1.1.2.tgz#c39203a4587385fad3c850a0bd1bcafa081974e3"
  dependencies:
    lower-case "^1.1.1"
    upper-case "^1.1.1"

template@^0.1.8, template@~0.1.6:
  version "0.1.8"
  resolved "https://registry.yarnpkg.com/template/-/template-0.1.8.tgz#17cac0ee7a0eff58dd6b8f18ea6b05a071174fc2"
  dependencies:
    delims "~0.1.4"
    fs-utils "~0.4.1"
    lodash "~2.4.1"
    underscore.string "~2.3.3"

template@^0.2.1:
  version "0.2.1"
  resolved "https://registry.yarnpkg.com/template/-/template-0.2.1.tgz#6df6f6c0da6a8fa91de1d534dfcd8873c3e146aa"
  dependencies:
    delims "^0.1.4"
    lodash "^2.4.1"

thunkify@0.0.1:
  version "0.0.1"
  resolved "https://registry.yarnpkg.com/thunkify/-/thunkify-0.0.1.tgz#bd5d36b1069b4078e5dcbac8fab45359bea6183d"

title-case@^1.1.0:
  version "1.1.2"
  resolved "https://registry.yarnpkg.com/title-case/-/title-case-1.1.2.tgz#fae4a6ae546bfa22d083a0eea910a40d12ed4f5a"
  dependencies:
    sentence-case "^1.1.1"
    upper-case "^1.0.3"

toml@^2.0.6:
  version "2.3.2"
  resolved "https://registry.yarnpkg.com/toml/-/toml-2.3.2.tgz#5eded5ca42887924949fd06eb0e955656001e834"

traverse-chain@~0.1.0:
  version "0.1.0"
  resolved "https://registry.yarnpkg.com/traverse-chain/-/traverse-chain-0.1.0.tgz#61dbc2d53b69ff6091a12a168fd7d433107e40f1"

ultron@~1.1.0:
  version "1.1.0"
  resolved "https://registry.yarnpkg.com/ultron/-/ultron-1.1.0.tgz#b07a2e6a541a815fc6a34ccd4533baec307ca864"

underscore.string@~2.3.3:
  version "2.3.3"
  resolved "https://registry.yarnpkg.com/underscore.string/-/underscore.string-2.3.3.tgz#71c08bf6b428b1133f37e78fa3a21c82f7329b0d"

underscore.string@~2.4.0:
  version "2.4.0"
  resolved "https://registry.yarnpkg.com/underscore.string/-/underscore.string-2.4.0.tgz#8cdd8fbac4e2d2ea1e7e2e8097c42f442280f85b"

underscore@~1.7.0:
  version "1.7.0"
  resolved "https://registry.yarnpkg.com/underscore/-/underscore-1.7.0.tgz#6bbaf0877500d36be34ecaa584e0db9fef035209"

"unorm@>= 1.0.0":
  version "1.4.1"
  resolved "https://registry.yarnpkg.com/unorm/-/unorm-1.4.1.tgz#364200d5f13646ca8bcd44490271335614792300"

upper-case-first@^1.1.0:
  version "1.1.2"
  resolved "https://registry.yarnpkg.com/upper-case-first/-/upper-case-first-1.1.2.tgz#5d79bedcff14419518fd2edb0a0507c9b6859115"
  dependencies:
    upper-case "^1.1.1"

upper-case@^1.0.3, upper-case@^1.1.0, upper-case@^1.1.1:
  version "1.1.3"
  resolved "https://registry.yarnpkg.com/upper-case/-/upper-case-1.1.3.tgz#f6b4501c2ec4cdd26ba78be7222961de77621598"

uslug@~1.0.3:
  version "1.0.4"
  resolved "https://registry.yarnpkg.com/uslug/-/uslug-1.0.4.tgz#b9a22f0914e0a86140633dacc302e5f4fa450677"
  dependencies:
    unorm ">= 1.0.0"

util-deprecate@~1.0.1:
  version "1.0.2"
  resolved "https://registry.yarnpkg.com/util-deprecate/-/util-deprecate-1.0.2.tgz#450d4dc9fa70de732762fbd2d4a28981419a0ccf"

verb-contrib-templates@^0.1.5:
  version "0.1.5"
  resolved "https://registry.yarnpkg.com/verb-contrib-templates/-/verb-contrib-templates-0.1.5.tgz#c95111d4da3f08b53cff6a387b359b15b98761c2"

"verb-readme-badges@>= 0.0.6":
  version "0.2.0"
  resolved "https://registry.yarnpkg.com/verb-readme-badges/-/verb-readme-badges-0.2.0.tgz#8f8c30dd91a5179e8ea2c6014bb68a9dcce99106"

verb-readme-includes@^0.1.18:
  version "0.1.20"
  resolved "https://registry.yarnpkg.com/verb-readme-includes/-/verb-readme-includes-0.1.20.tgz#be5880835278acc98c022c5206c995c760df5ff0"

verb@^0.2.15, verb@~0.2.0:
  version "0.2.15"
  resolved "https://registry.yarnpkg.com/verb/-/verb-0.2.15.tgz#75ec6539145e300b2bb16f1c4268c556b99ce2d7"
  dependencies:
    change-case "^2.1.1"
    class-extend "^0.1.1"
    columnify "^1.1.0"
    cwd "^0.3.3"
    delims "^0.1.4"
    eventemitter2 "^0.4.13"
    expander "^0.3.3"
    find "^0.1.5"
    frep "^0.2.1"
    fs-utils "^0.4.3"
    getobject "^0.1.0"
    gray-matter "^0.4.2"
    lodash "^2.4.1"
    marked-extras "^0.2.4"
    marked-toc "^0.2.5"
    minimatch "^0.3.0"
    moment "^2.6.0"
    namify "^0.1.3"
    parse-authors "^0.1.1"
    plasma "^0.2.7"
    relative "^0.1.4"
    remarked "^0.1.4"
    remote-origin-url "^0.2.1"
    repeat-string "^0.1.2"
    repo-licenses "^0.1.0"
    repo-templates "^0.1.4"
    resolve-dep "^0.4.1"
    scrawl "0.0.5"
    strip-banner "^0.1.1"
    template "^0.1.8"
    toml "^2.0.6"
    verb-contrib-templates "^0.1.5"
    verb-readme-badges ">= 0.0.6"
    verb-readme-includes "^0.1.18"
    verbalize "^0.1.2"

verbalize@^0.1.2, verbalize@~0.1.1, verbalize@~0.1.2:
  version "0.1.2"
  resolved "https://registry.yarnpkg.com/verbalize/-/verbalize-0.1.2.tgz#165fda4640331548f8e990b1d7e14395eb720207"
  dependencies:
    chalk "~0.4.0"

wcwidth@^1.0.0:
  version "1.0.1"
  resolved "https://registry.yarnpkg.com/wcwidth/-/wcwidth-1.0.1.tgz#f0b0dcf915bc5ff1528afadb2c0e17b532da2fe8"
  dependencies:
    defaults "^1.0.3"

wrappy@1:
  version "1.0.2"
  resolved "https://registry.yarnpkg.com/wrappy/-/wrappy-1.0.2.tgz#b5243d8f3ec1aa35f1364605bc0d1036e30ab69f"

ws@2.0.x:
  version "2.0.3"
  resolved "https://registry.yarnpkg.com/ws/-/ws-2.0.3.tgz#532fd499c3f7d7d720e543f1f807106cfc57d9cb"
  dependencies:
    ultron "~1.1.0"

xtend@^3.0.0:
  version "3.0.0"
  resolved "https://registry.yarnpkg.com/xtend/-/xtend-3.0.0.tgz#5cce7407baf642cba7becda568111c493f59665a"
